// !$*UTF8*$!
{
	archiveVersion = 1;
	classes = {
	};
	objectVersion = 50;
	objects = {

/* Begin PBXBuildFile section */
		3CFC2BC4268A4B5A00E68442 /* AppDelegate.swift in Sources */ = {isa = PBXBuildFile; fileRef = 3CFC2BC3268A4B5A00E68442 /* AppDelegate.swift */; };
		3CFC2BC6268A4B5A00E68442 /* SceneDelegate.swift in Sources */ = {isa = PBXBuildFile; fileRef = 3CFC2BC5268A4B5A00E68442 /* SceneDelegate.swift */; };
		3CFC2BC8268A4B5A00E68442 /* ViewController.swift in Sources */ = {isa = PBXBuildFile; fileRef = 3CFC2BC7268A4B5A00E68442 /* ViewController.swift */; };
		3CFC2BCB268A4B5A00E68442 /* Main.storyboard in Resources */ = {isa = PBXBuildFile; fileRef = 3CFC2BC9268A4B5A00E68442 /* Main.storyboard */; };
		3CFC2BCD268A4B5B00E68442 /* Assets.xcassets in Resources */ = {isa = PBXBuildFile; fileRef = 3CFC2BCC268A4B5B00E68442 /* Assets.xcassets */; };
		3CFC2BD0268A4B5B00E68442 /* LaunchScreen.storyboard in Resources */ = {isa = PBXBuildFile; fileRef = 3CFC2BCE268A4B5B00E68442 /* LaunchScreen.storyboard */; };
		A872FD7D268D077F00B2BD61 /* WeeklyViewController.swift in Sources */ = {isa = PBXBuildFile; fileRef = A872FD7C268D077F00B2BD61 /* WeeklyViewController.swift */; };
		A872FD7F268D07B300B2BD61 /* CalendarHelper.swift in Sources */ = {isa = PBXBuildFile; fileRef = A872FD7E268D07B300B2BD61 /* CalendarHelper.swift */; };
		A872FD81268D07D600B2BD61 /* EventEditViewController.swift in Sources */ = {isa = PBXBuildFile; fileRef = A872FD80268D07D600B2BD61 /* EventEditViewController.swift */; };
		A872FD83268D07EC00B2BD61 /* EventCell.swift in Sources */ = {isa = PBXBuildFile; fileRef = A872FD82268D07EC00B2BD61 /* EventCell.swift */; };
		A872FD85268D080E00B2BD61 /* Event.swift in Sources */ = {isa = PBXBuildFile; fileRef = A872FD84268D080E00B2BD61 /* Event.swift */; };
		A872FD89268D085B00B2BD61 /* CalendarCell.swift in Sources */ = {isa = PBXBuildFile; fileRef = A872FD88268D085B00B2BD61 /* CalendarCell.swift */; };
		A8B093F7268E310B003677E1 /* breakViewController.swift in Sources */ = {isa = PBXBuildFile; fileRef = A8B093F6268E310B003677E1 /* breakViewController.swift */; };
		A8EB739D268E67EE00D8934A /* breakIdeaViewController.swift in Sources */ = {isa = PBXBuildFile; fileRef = A8EB739C268E67EE00D8934A /* breakIdeaViewController.swift */; };
		D29E4AAC268E40EE00313D76 /* GeneralAcademicViewController.swift in Sources */ = {isa = PBXBuildFile; fileRef = D29E4AAB268E40EE00313D76 /* GeneralAcademicViewController.swift */; };
		D29E4AAE268E40FC00313D76 /* STEMViewController.swift in Sources */ = {isa = PBXBuildFile; fileRef = D29E4AAD268E40FC00313D76 /* STEMViewController.swift */; };
		D29E4AB0268E410700313D76 /* MentalHealthViewController.swift in Sources */ = {isa = PBXBuildFile; fileRef = D29E4AAF268E410700313D76 /* MentalHealthViewController.swift */; };
/* End PBXBuildFile section */

/* Begin PBXFileReference section */
		3CFC2BC0268A4B5A00E68442 /* Pomotivate.app */ = {isa = PBXFileReference; explicitFileType = wrapper.application; includeInIndex = 0; path = Pomotivate.app; sourceTree = BUILT_PRODUCTS_DIR; };
		3CFC2BC3268A4B5A00E68442 /* AppDelegate.swift */ = {isa = PBXFileReference; lastKnownFileType = sourcecode.swift; path = AppDelegate.swift; sourceTree = "<group>"; };
		3CFC2BC5268A4B5A00E68442 /* SceneDelegate.swift */ = {isa = PBXFileReference; lastKnownFileType = sourcecode.swift; path = SceneDelegate.swift; sourceTree = "<group>"; };
		3CFC2BC7268A4B5A00E68442 /* ViewController.swift */ = {isa = PBXFileReference; lastKnownFileType = sourcecode.swift; path = ViewController.swift; sourceTree = "<group>"; };
		3CFC2BCA268A4B5A00E68442 /* Base */ = {isa = PBXFileReference; lastKnownFileType = file.storyboard; name = Base; path = Base.lproj/Main.storyboard; sourceTree = "<group>"; };
		3CFC2BCC268A4B5B00E68442 /* Assets.xcassets */ = {isa = PBXFileReference; lastKnownFileType = folder.assetcatalog; path = Assets.xcassets; sourceTree = "<group>"; };
		3CFC2BCF268A4B5B00E68442 /* Base */ = {isa = PBXFileReference; lastKnownFileType = file.storyboard; name = Base; path = Base.lproj/LaunchScreen.storyboard; sourceTree = "<group>"; };
		3CFC2BD1268A4B5B00E68442 /* Info.plist */ = {isa = PBXFileReference; lastKnownFileType = text.plist.xml; path = Info.plist; sourceTree = "<group>"; };
		A872FD7C268D077F00B2BD61 /* WeeklyViewController.swift */ = {isa = PBXFileReference; lastKnownFileType = sourcecode.swift; path = WeeklyViewController.swift; sourceTree = "<group>"; };
		A872FD7E268D07B300B2BD61 /* CalendarHelper.swift */ = {isa = PBXFileReference; lastKnownFileType = sourcecode.swift; path = CalendarHelper.swift; sourceTree = "<group>"; };
		A872FD80268D07D600B2BD61 /* EventEditViewController.swift */ = {isa = PBXFileReference; lastKnownFileType = sourcecode.swift; path = EventEditViewController.swift; sourceTree = "<group>"; };
		A872FD82268D07EC00B2BD61 /* EventCell.swift */ = {isa = PBXFileReference; lastKnownFileType = sourcecode.swift; path = EventCell.swift; sourceTree = "<group>"; };
		A872FD84268D080E00B2BD61 /* Event.swift */ = {isa = PBXFileReference; lastKnownFileType = sourcecode.swift; path = Event.swift; sourceTree = "<group>"; };
		A872FD88268D085B00B2BD61 /* CalendarCell.swift */ = {isa = PBXFileReference; lastKnownFileType = sourcecode.swift; path = CalendarCell.swift; sourceTree = "<group>"; };
		A8B093F6268E310B003677E1 /* breakViewController.swift */ = {isa = PBXFileReference; lastKnownFileType = sourcecode.swift; path = breakViewController.swift; sourceTree = "<group>"; };
		A8EB739C268E67EE00D8934A /* breakIdeaViewController.swift */ = {isa = PBXFileReference; lastKnownFileType = sourcecode.swift; path = breakIdeaViewController.swift; sourceTree = "<group>"; };
		D29E4AAB268E40EE00313D76 /* GeneralAcademicViewController.swift */ = {isa = PBXFileReference; lastKnownFileType = sourcecode.swift; path = GeneralAcademicViewController.swift; sourceTree = "<group>"; };
		D29E4AAD268E40FC00313D76 /* STEMViewController.swift */ = {isa = PBXFileReference; lastKnownFileType = sourcecode.swift; path = STEMViewController.swift; sourceTree = "<group>"; };
		D29E4AAF268E410700313D76 /* MentalHealthViewController.swift */ = {isa = PBXFileReference; lastKnownFileType = sourcecode.swift; path = MentalHealthViewController.swift; sourceTree = "<group>"; };
/* End PBXFileReference section */

/* Begin PBXFrameworksBuildPhase section */
		3CFC2BBD268A4B5A00E68442 /* Frameworks */ = {
			isa = PBXFrameworksBuildPhase;
			buildActionMask = 2147483647;
			files = (
			);
			runOnlyForDeploymentPostprocessing = 0;
		};
/* End PBXFrameworksBuildPhase section */

/* Begin PBXGroup section */
		3CFC2BB7268A4B5A00E68442 = {
			isa = PBXGroup;
			children = (
				3CFC2BC2268A4B5A00E68442 /* Pomotivate */,
				3CFC2BC1268A4B5A00E68442 /* Products */,
			);
			sourceTree = "<group>";
		};
		3CFC2BC1268A4B5A00E68442 /* Products */ = {
			isa = PBXGroup;
			children = (
				3CFC2BC0268A4B5A00E68442 /* Pomotivate.app */,
			);
			name = Products;
			sourceTree = "<group>";
		};
		3CFC2BC2268A4B5A00E68442 /* Pomotivate */ = {
			isa = PBXGroup;
			children = (
				3CFC2BC3268A4B5A00E68442 /* AppDelegate.swift */,
				3CFC2BC5268A4B5A00E68442 /* SceneDelegate.swift */,
				3CFC2BC7268A4B5A00E68442 /* ViewController.swift */,
				3CFC2BC9268A4B5A00E68442 /* Main.storyboard */,
				3CFC2BCC268A4B5B00E68442 /* Assets.xcassets */,
				3CFC2BCE268A4B5B00E68442 /* LaunchScreen.storyboard */,
				3CFC2BD1268A4B5B00E68442 /* Info.plist */,
				A872FD84268D080E00B2BD61 /* Event.swift */,
				A872FD7C268D077F00B2BD61 /* WeeklyViewController.swift */,
				A872FD7E268D07B300B2BD61 /* CalendarHelper.swift */,
				A872FD80268D07D600B2BD61 /* EventEditViewController.swift */,
				A872FD82268D07EC00B2BD61 /* EventCell.swift */,
				A872FD88268D085B00B2BD61 /* CalendarCell.swift */,
				A8B093F6268E310B003677E1 /* breakViewController.swift */,
				D29E4AAB268E40EE00313D76 /* GeneralAcademicViewController.swift */,
				D29E4AAD268E40FC00313D76 /* STEMViewController.swift */,
				D29E4AAF268E410700313D76 /* MentalHealthViewController.swift */,
				A8EB739C268E67EE00D8934A /* breakIdeaViewController.swift */,
			);
			path = Pomotivate;
			sourceTree = "<group>";
		};
/* End PBXGroup section */

/* Begin PBXNativeTarget section */
		3CFC2BBF268A4B5A00E68442 /* Pomotivate */ = {
			isa = PBXNativeTarget;
			buildConfigurationList = 3CFC2BD4268A4B5B00E68442 /* Build configuration list for PBXNativeTarget "Pomotivate" */;
			buildPhases = (
				3CFC2BBC268A4B5A00E68442 /* Sources */,
				3CFC2BBD268A4B5A00E68442 /* Frameworks */,
				3CFC2BBE268A4B5A00E68442 /* Resources */,
			);
			buildRules = (
			);
			dependencies = (
			);
			name = Pomotivate;
			productName = Pomotivate;
			productReference = 3CFC2BC0268A4B5A00E68442 /* Pomotivate.app */;
			productType = "com.apple.product-type.application";
		};
/* End PBXNativeTarget section */

/* Begin PBXProject section */
		3CFC2BB8268A4B5A00E68442 /* Project object */ = {
			isa = PBXProject;
			attributes = {
				LastSwiftUpdateCheck = 1250;
				LastUpgradeCheck = 1250;
				TargetAttributes = {
					3CFC2BBF268A4B5A00E68442 = {
						CreatedOnToolsVersion = 12.5;
					};
				};
			};
			buildConfigurationList = 3CFC2BBB268A4B5A00E68442 /* Build configuration list for PBXProject "Pomotivate" */;
			compatibilityVersion = "Xcode 9.3";
			developmentRegion = en;
			hasScannedForEncodings = 0;
			knownRegions = (
				en,
				Base,
			);
			mainGroup = 3CFC2BB7268A4B5A00E68442;
			productRefGroup = 3CFC2BC1268A4B5A00E68442 /* Products */;
			projectDirPath = "";
			projectRoot = "";
			targets = (
				3CFC2BBF268A4B5A00E68442 /* Pomotivate */,
			);
		};
/* End PBXProject section */

/* Begin PBXResourcesBuildPhase section */
		3CFC2BBE268A4B5A00E68442 /* Resources */ = {
			isa = PBXResourcesBuildPhase;
			buildActionMask = 2147483647;
			files = (
				3CFC2BD0268A4B5B00E68442 /* LaunchScreen.storyboard in Resources */,
				3CFC2BCD268A4B5B00E68442 /* Assets.xcassets in Resources */,
				3CFC2BCB268A4B5A00E68442 /* Main.storyboard in Resources */,
			);
			runOnlyForDeploymentPostprocessing = 0;
		};
/* End PBXResourcesBuildPhase section */

/* Begin PBXSourcesBuildPhase section */
		3CFC2BBC268A4B5A00E68442 /* Sources */ = {
			isa = PBXSourcesBuildPhase;
			buildActionMask = 2147483647;
			files = (
				A872FD85268D080E00B2BD61 /* Event.swift in Sources */,
				D29E4AB0268E410700313D76 /* MentalHealthViewController.swift in Sources */,
				A872FD81268D07D600B2BD61 /* EventEditViewController.swift in Sources */,
				A872FD7F268D07B300B2BD61 /* CalendarHelper.swift in Sources */,
				D29E4AAE268E40FC00313D76 /* STEMViewController.swift in Sources */,
				3CFC2BC8268A4B5A00E68442 /* ViewController.swift in Sources */,
				A872FD83268D07EC00B2BD61 /* EventCell.swift in Sources */,
				A8EB739D268E67EE00D8934A /* breakIdeaViewController.swift in Sources */,
				A872FD89268D085B00B2BD61 /* CalendarCell.swift in Sources */,
				A8B093F7268E310B003677E1 /* breakViewController.swift in Sources */,
				D29E4AAC268E40EE00313D76 /* GeneralAcademicViewController.swift in Sources */,
				3CFC2BC4268A4B5A00E68442 /* AppDelegate.swift in Sources */,
				A872FD7D268D077F00B2BD61 /* WeeklyViewController.swift in Sources */,
				3CFC2BC6268A4B5A00E68442 /* SceneDelegate.swift in Sources */,
			);
			runOnlyForDeploymentPostprocessing = 0;
		};
/* End PBXSourcesBuildPhase section */

/* Begin PBXVariantGroup section */
		3CFC2BC9268A4B5A00E68442 /* Main.storyboard */ = {
			isa = PBXVariantGroup;
			children = (
				3CFC2BCA268A4B5A00E68442 /* Base */,
			);
			name = Main.storyboard;
			sourceTree = "<group>";
		};
		3CFC2BCE268A4B5B00E68442 /* LaunchScreen.storyboard */ = {
			isa = PBXVariantGroup;
			children = (
				3CFC2BCF268A4B5B00E68442 /* Base */,
			);
			name = LaunchScreen.storyboard;
			sourceTree = "<group>";
		};
/* End PBXVariantGroup section */

/* Begin XCBuildConfiguration section */
		3CFC2BD2268A4B5B00E68442 /* Debug */ = {
			isa = XCBuildConfiguration;
			buildSettings = {
				ALWAYS_SEARCH_USER_PATHS = NO;
				CLANG_ANALYZER_NONNULL = YES;
				CLANG_ANALYZER_NUMBER_OBJECT_CONVERSION = YES_AGGRESSIVE;
				CLANG_CXX_LANGUAGE_STANDARD = "gnu++14";
				CLANG_CXX_LIBRARY = "libc++";
				CLANG_ENABLE_MODULES = YES;
				CLANG_ENABLE_OBJC_ARC = YES;
				CLANG_ENABLE_OBJC_WEAK = YES;
				CLANG_WARN_BLOCK_CAPTURE_AUTORELEASING = YES;
				CLANG_WARN_BOOL_CONVERSION = YES;
				CLANG_WARN_COMMA = YES;
				CLANG_WARN_CONSTANT_CONVERSION = YES;
				CLANG_WARN_DEPRECATED_OBJC_IMPLEMENTATIONS = YES;
				CLANG_WARN_DIRECT_OBJC_ISA_USAGE = YES_ERROR;
				CLANG_WARN_DOCUMENTATION_COMMENTS = YES;
				CLANG_WARN_EMPTY_BODY = YES;
				CLANG_WARN_ENUM_CONVERSION = YES;
				CLANG_WARN_INFINITE_RECURSION = YES;
				CLANG_WARN_INT_CONVERSION = YES;
				CLANG_WARN_NON_LITERAL_NULL_CONVERSION = YES;
				CLANG_WARN_OBJC_IMPLICIT_RETAIN_SELF = YES;
				CLANG_WARN_OBJC_LITERAL_CONVERSION = YES;
				CLANG_WARN_OBJC_ROOT_CLASS = YES_ERROR;
				CLANG_WARN_QUOTED_INCLUDE_IN_FRAMEWORK_HEADER = YES;
				CLANG_WARN_RANGE_LOOP_ANALYSIS = YES;
				CLANG_WARN_STRICT_PROTOTYPES = YES;
				CLANG_WARN_SUSPICIOUS_MOVE = YES;
				CLANG_WARN_UNGUARDED_AVAILABILITY = YES_AGGRESSIVE;
				CLANG_WARN_UNREACHABLE_CODE = YES;
				CLANG_WARN__DUPLICATE_METHOD_MATCH = YES;
				COPY_PHASE_STRIP = NO;
				DEBUG_INFORMATION_FORMAT = dwarf;
				ENABLE_STRICT_OBJC_MSGSEND = YES;
				ENABLE_TESTABILITY = YES;
				GCC_C_LANGUAGE_STANDARD = gnu11;
				GCC_DYNAMIC_NO_PIC = NO;
				GCC_NO_COMMON_BLOCKS = YES;
				GCC_OPTIMIZATION_LEVEL = 0;
				GCC_PREPROCESSOR_DEFINITIONS = (
					"DEBUG=1",
					"$(inherited)",
				);
				GCC_WARN_64_TO_32_BIT_CONVERSION = YES;
				GCC_WARN_ABOUT_RETURN_TYPE = YES_ERROR;
				GCC_WARN_UNDECLARED_SELECTOR = YES;
				GCC_WARN_UNINITIALIZED_AUTOS = YES_AGGRESSIVE;
				GCC_WARN_UNUSED_FUNCTION = YES;
				GCC_WARN_UNUSED_VARIABLE = YES;
				IPHONEOS_DEPLOYMENT_TARGET = 14.5;
				MTL_ENABLE_DEBUG_INFO = INCLUDE_SOURCE;
				MTL_FAST_MATH = YES;
				ONLY_ACTIVE_ARCH = YES;
				SDKROOT = iphoneos;
				SWIFT_ACTIVE_COMPILATION_CONDITIONS = DEBUG;
				SWIFT_OPTIMIZATION_LEVEL = "-Onone";
			};
			name = Debug;
		};
		3CFC2BD3268A4B5B00E68442 /* Release */ = {
			isa = XCBuildConfiguration;
			buildSettings = {
				ALWAYS_SEARCH_USER_PATHS = NO;
				CLANG_ANALYZER_NONNULL = YES;
				CLANG_ANALYZER_NUMBER_OBJECT_CONVERSION = YES_AGGRESSIVE;
				CLANG_CXX_LANGUAGE_STANDARD = "gnu++14";
				CLANG_CXX_LIBRARY = "libc++";
				CLANG_ENABLE_MODULES = YES;
				CLANG_ENABLE_OBJC_ARC = YES;
				CLANG_ENABLE_OBJC_WEAK = YES;
				CLANG_WARN_BLOCK_CAPTURE_AUTORELEASING = YES;
				CLANG_WARN_BOOL_CONVERSION = YES;
				CLANG_WARN_COMMA = YES;
				CLANG_WARN_CONSTANT_CONVERSION = YES;
				CLANG_WARN_DEPRECATED_OBJC_IMPLEMENTATIONS = YES;
				CLANG_WARN_DIRECT_OBJC_ISA_USAGE = YES_ERROR;
				CLANG_WARN_DOCUMENTATION_COMMENTS = YES;
				CLANG_WARN_EMPTY_BODY = YES;
				CLANG_WARN_ENUM_CONVERSION = YES;
				CLANG_WARN_INFINITE_RECURSION = YES;
				CLANG_WARN_INT_CONVERSION = YES;
				CLANG_WARN_NON_LITERAL_NULL_CONVERSION = YES;
				CLANG_WARN_OBJC_IMPLICIT_RETAIN_SELF = YES;
				CLANG_WARN_OBJC_LITERAL_CONVERSION = YES;
				CLANG_WARN_OBJC_ROOT_CLASS = YES_ERROR;
				CLANG_WARN_QUOTED_INCLUDE_IN_FRAMEWORK_HEADER = YES;
				CLANG_WARN_RANGE_LOOP_ANALYSIS = YES;
				CLANG_WARN_STRICT_PROTOTYPES = YES;
				CLANG_WARN_SUSPICIOUS_MOVE = YES;
				CLANG_WARN_UNGUARDED_AVAILABILITY = YES_AGGRESSIVE;
				CLANG_WARN_UNREACHABLE_CODE = YES;
				CLANG_WARN__DUPLICATE_METHOD_MATCH = YES;
				COPY_PHASE_STRIP = NO;
				DEBUG_INFORMATION_FORMAT = "dwarf-with-dsym";
				ENABLE_NS_ASSERTIONS = NO;
				ENABLE_STRICT_OBJC_MSGSEND = YES;
				GCC_C_LANGUAGE_STANDARD = gnu11;
				GCC_NO_COMMON_BLOCKS = YES;
				GCC_WARN_64_TO_32_BIT_CONVERSION = YES;
				GCC_WARN_ABOUT_RETURN_TYPE = YES_ERROR;
				GCC_WARN_UNDECLARED_SELECTOR = YES;
				GCC_WARN_UNINITIALIZED_AUTOS = YES_AGGRESSIVE;
				GCC_WARN_UNUSED_FUNCTION = YES;
				GCC_WARN_UNUSED_VARIABLE = YES;
				IPHONEOS_DEPLOYMENT_TARGET = 14.5;
				MTL_ENABLE_DEBUG_INFO = NO;
				MTL_FAST_MATH = YES;
				SDKROOT = iphoneos;
				SWIFT_COMPILATION_MODE = wholemodule;
				SWIFT_OPTIMIZATION_LEVEL = "-O";
				VALIDATE_PRODUCT = YES;
			};
			name = Release;
		};
		3CFC2BD5268A4B5B00E68442 /* Debug */ = {
			isa = XCBuildConfiguration;
			buildSettings = {
				ASSETCATALOG_COMPILER_APPICON_NAME = AppIcon;
				ASSETCATALOG_COMPILER_GLOBAL_ACCENT_COLOR_NAME = AccentColor;
				CODE_SIGN_STYLE = Automatic;
				INFOPLIST_FILE = Pomotivate/Info.plist;
				LD_RUNPATH_SEARCH_PATHS = (
					"$(inherited)",
					"@executable_path/Frameworks",
				);
				PRODUCT_BUNDLE_IDENTIFIER = KWK.Pomotivate;
				PRODUCT_NAME = "$(TARGET_NAME)";
				SWIFT_VERSION = 5.0;
				TARGETED_DEVICE_FAMILY = "1,2";
			};
			name = Debug;
		};
		3CFC2BD6268A4B5B00E68442 /* Release */ = {
			isa = XCBuildConfiguration;
			buildSettings = {
				ASSETCATALOG_COMPILER_APPICON_NAME = AppIcon;
				ASSETCATALOG_COMPILER_GLOBAL_ACCENT_COLOR_NAME = AccentColor;
				CODE_SIGN_STYLE = Automatic;
				INFOPLIST_FILE = Pomotivate/Info.plist;
				LD_RUNPATH_SEARCH_PATHS = (
					"$(inherited)",
					"@executable_path/Frameworks",
				);
				PRODUCT_BUNDLE_IDENTIFIER = KWK.Pomotivate;
				PRODUCT_NAME = "$(TARGET_NAME)";
				SWIFT_VERSION = 5.0;
				TARGETED_DEVICE_FAMILY = "1,2";
			};
			name = Release;
		};
/* End XCBuildConfiguration section */

/* Begin XCConfigurationList section */
		3CFC2BBB268A4B5A00E68442 /* Build configuration list for PBXProject "Pomotivate" */ = {
			isa = XCConfigurationList;
			buildConfigurations = (
				3CFC2BD2268A4B5B00E68442 /* Debug */,
				3CFC2BD3268A4B5B00E68442 /* Release */,
			);
			defaultConfigurationIsVisible = 0;
			defaultConfigurationName = Release;
		};
		3CFC2BD4268A4B5B00E68442 /* Build configuration list for PBXNativeTarget "Pomotivate" */ = {
			isa = XCConfigurationList;
			buildConfigurations = (
				3CFC2BD5268A4B5B00E68442 /* Debug */,
				3CFC2BD6268A4B5B00E68442 /* Release */,
			);
			defaultConfigurationIsVisible = 0;
			defaultConfigurationName = Release;
		};
/* End XCConfigurationList section */
	};
	rootObject = 3CFC2BB8268A4B5A00E68442 /* Project object */;
}
